// !$*UTF8*$!
{
	archiveVersion = 1;
	classes = {
	};
	objectVersion = 56;
	objects = {

/* Begin PBXBuildFile section */
		112CB0162BB4A56B0073F53D /* RealityKitContent in Frameworks */ = {isa = PBXBuildFile; productRef = 112CB0152BB4A56B0073F53D /* RealityKitContent */; };
		112CB0182BB4A56B0073F53D /* PinchBarApp.swift in Sources */ = {isa = PBXBuildFile; fileRef = 112CB0172BB4A56B0073F53D /* PinchBarApp.swift */; };
		112CB01A2BB4A56B0073F53D /* ContentView.swift in Sources */ = {isa = PBXBuildFile; fileRef = 112CB0192BB4A56B0073F53D /* ContentView.swift */; };
		112CB01C2BB4A56C0073F53D /* Assets.xcassets in Resources */ = {isa = PBXBuildFile; fileRef = 112CB01B2BB4A56C0073F53D /* Assets.xcassets */; };
		112CB01F2BB4A56C0073F53D /* Preview Assets.xcassets in Resources */ = {isa = PBXBuildFile; fileRef = 112CB01E2BB4A56C0073F53D /* Preview Assets.xcassets */; };
		112CB02D2BB4A5DD0073F53D /* PinchBar_MacApp.swift in Sources */ = {isa = PBXBuildFile; fileRef = 112CB02C2BB4A5DD0073F53D /* PinchBar_MacApp.swift */; };
		112CB0312BB4A5DF0073F53D /* Assets.xcassets in Resources */ = {isa = PBXBuildFile; fileRef = 112CB0302BB4A5DF0073F53D /* Assets.xcassets */; };
		112CB0342BB4A5DF0073F53D /* Preview Assets.xcassets in Resources */ = {isa = PBXBuildFile; fileRef = 112CB0332BB4A5DF0073F53D /* Preview Assets.xcassets */; };
		112CB03A2BB4A6250073F53D /* MenuBar.swift in Sources */ = {isa = PBXBuildFile; fileRef = 112CB0392BB4A6250073F53D /* MenuBar.swift */; };
		112CB03C2BB4A80F0073F53D /* Server.swift in Sources */ = {isa = PBXBuildFile; fileRef = 112CB03B2BB4A80F0073F53D /* Server.swift */; };
		112CB03F2BB4B99A0073F53D /* SwiftIP in Frameworks */ = {isa = PBXBuildFile; productRef = 112CB03E2BB4B99A0073F53D /* SwiftIP */; };
		112CB0412BB5305E0073F53D /* NWParameters+Init.swift in Sources */ = {isa = PBXBuildFile; fileRef = 112CB0402BB5305E0073F53D /* NWParameters+Init.swift */; };
		112CB0432BB530820073F53D /* AnnexBProtocol.swift in Sources */ = {isa = PBXBuildFile; fileRef = 112CB0422BB530810073F53D /* AnnexBProtocol.swift */; };
/* End PBXBuildFile section */

/* Begin PBXFileReference section */
		112CB0102BB4A56B0073F53D /* PinchBar.app */ = {isa = PBXFileReference; explicitFileType = wrapper.application; includeInIndex = 0; path = PinchBar.app; sourceTree = BUILT_PRODUCTS_DIR; };
		112CB0142BB4A56B0073F53D /* RealityKitContent */ = {isa = PBXFileReference; lastKnownFileType = wrapper; path = RealityKitContent; sourceTree = "<group>"; };
		112CB0172BB4A56B0073F53D /* PinchBarApp.swift */ = {isa = PBXFileReference; lastKnownFileType = sourcecode.swift; path = PinchBarApp.swift; sourceTree = "<group>"; };
		112CB0192BB4A56B0073F53D /* ContentView.swift */ = {isa = PBXFileReference; lastKnownFileType = sourcecode.swift; path = ContentView.swift; sourceTree = "<group>"; };
		112CB01B2BB4A56C0073F53D /* Assets.xcassets */ = {isa = PBXFileReference; lastKnownFileType = folder.assetcatalog; path = Assets.xcassets; sourceTree = "<group>"; };
		112CB01E2BB4A56C0073F53D /* Preview Assets.xcassets */ = {isa = PBXFileReference; lastKnownFileType = folder.assetcatalog; path = "Preview Assets.xcassets"; sourceTree = "<group>"; };
		112CB0202BB4A56C0073F53D /* Info.plist */ = {isa = PBXFileReference; lastKnownFileType = text.plist.xml; path = Info.plist; sourceTree = "<group>"; };
		112CB02A2BB4A5DD0073F53D /* PinchBar Mac.app */ = {isa = PBXFileReference; explicitFileType = wrapper.application; includeInIndex = 0; path = "PinchBar Mac.app"; sourceTree = BUILT_PRODUCTS_DIR; };
		112CB02C2BB4A5DD0073F53D /* PinchBar_MacApp.swift */ = {isa = PBXFileReference; lastKnownFileType = sourcecode.swift; path = PinchBar_MacApp.swift; sourceTree = "<group>"; };
		112CB0302BB4A5DF0073F53D /* Assets.xcassets */ = {isa = PBXFileReference; lastKnownFileType = folder.assetcatalog; path = Assets.xcassets; sourceTree = "<group>"; };
		112CB0332BB4A5DF0073F53D /* Preview Assets.xcassets */ = {isa = PBXFileReference; lastKnownFileType = folder.assetcatalog; path = "Preview Assets.xcassets"; sourceTree = "<group>"; };
		112CB0352BB4A5DF0073F53D /* PinchBar_Mac.entitlements */ = {isa = PBXFileReference; lastKnownFileType = text.plist.entitlements; path = PinchBar_Mac.entitlements; sourceTree = "<group>"; };
		112CB0392BB4A6250073F53D /* MenuBar.swift */ = {isa = PBXFileReference; lastKnownFileType = sourcecode.swift; path = MenuBar.swift; sourceTree = "<group>"; };
		112CB03B2BB4A80F0073F53D /* Server.swift */ = {isa = PBXFileReference; lastKnownFileType = sourcecode.swift; path = Server.swift; sourceTree = "<group>"; };
		112CB0402BB5305E0073F53D /* NWParameters+Init.swift */ = {isa = PBXFileReference; lastKnownFileType = sourcecode.swift; path = "NWParameters+Init.swift"; sourceTree = "<group>"; };
		112CB0422BB530810073F53D /* AnnexBProtocol.swift */ = {isa = PBXFileReference; lastKnownFileType = sourcecode.swift; path = AnnexBProtocol.swift; sourceTree = "<group>"; };
/* End PBXFileReference section */

/* Begin PBXFrameworksBuildPhase section */
		112CB00D2BB4A56B0073F53D /* Frameworks */ = {
			isa = PBXFrameworksBuildPhase;
			buildActionMask = 2147483647;
			files = (
				112CB0162BB4A56B0073F53D /* RealityKitContent in Frameworks */,
			);
			runOnlyForDeploymentPostprocessing = 0;
		};
		112CB0272BB4A5DD0073F53D /* Frameworks */ = {
			isa = PBXFrameworksBuildPhase;
			buildActionMask = 2147483647;
			files = (
				112CB03F2BB4B99A0073F53D /* SwiftIP in Frameworks */,
			);
			runOnlyForDeploymentPostprocessing = 0;
		};
/* End PBXFrameworksBuildPhase section */

/* Begin PBXGroup section */
		112CB0072BB4A56B0073F53D = {
			isa = PBXGroup;
			children = (
				112CB0122BB4A56B0073F53D /* PinchBar */,
				112CB0132BB4A56B0073F53D /* Packages */,
				112CB02B2BB4A5DD0073F53D /* PinchBar Mac */,
				112CB0112BB4A56B0073F53D /* Products */,
			);
			sourceTree = "<group>";
		};
		112CB0112BB4A56B0073F53D /* Products */ = {
			isa = PBXGroup;
			children = (
				112CB0102BB4A56B0073F53D /* PinchBar.app */,
				112CB02A2BB4A5DD0073F53D /* PinchBar Mac.app */,
			);
			name = Products;
			sourceTree = "<group>";
		};
		112CB0122BB4A56B0073F53D /* PinchBar */ = {
			isa = PBXGroup;
			children = (
				112CB0172BB4A56B0073F53D /* PinchBarApp.swift */,
				112CB0192BB4A56B0073F53D /* ContentView.swift */,
				112CB01B2BB4A56C0073F53D /* Assets.xcassets */,
				112CB0202BB4A56C0073F53D /* Info.plist */,
				112CB01D2BB4A56C0073F53D /* Preview Content */,
			);
			path = PinchBar;
			sourceTree = "<group>";
		};
		112CB0132BB4A56B0073F53D /* Packages */ = {
			isa = PBXGroup;
			children = (
				112CB0142BB4A56B0073F53D /* RealityKitContent */,
			);
			path = Packages;
			sourceTree = "<group>";
		};
		112CB01D2BB4A56C0073F53D /* Preview Content */ = {
			isa = PBXGroup;
			children = (
				112CB01E2BB4A56C0073F53D /* Preview Assets.xcassets */,
			);
			path = "Preview Content";
			sourceTree = "<group>";
		};
		112CB02B2BB4A5DD0073F53D /* PinchBar Mac */ = {
			isa = PBXGroup;
			children = (
				112CB02C2BB4A5DD0073F53D /* PinchBar_MacApp.swift */,
				112CB0392BB4A6250073F53D /* MenuBar.swift */,
				112CB03B2BB4A80F0073F53D /* Server.swift */,
				112CB0402BB5305E0073F53D /* NWParameters+Init.swift */,
				112CB0422BB530810073F53D /* AnnexBProtocol.swift */,
				112CB0302BB4A5DF0073F53D /* Assets.xcassets */,
				112CB0352BB4A5DF0073F53D /* PinchBar_Mac.entitlements */,
				112CB0322BB4A5DF0073F53D /* Preview Content */,
			);
			path = "PinchBar Mac";
			sourceTree = "<group>";
		};
		112CB0322BB4A5DF0073F53D /* Preview Content */ = {
			isa = PBXGroup;
			children = (
				112CB0332BB4A5DF0073F53D /* Preview Assets.xcassets */,
			);
			path = "Preview Content";
			sourceTree = "<group>";
		};
/* End PBXGroup section */

/* Begin PBXNativeTarget section */
		112CB00F2BB4A56B0073F53D /* PinchBar */ = {
			isa = PBXNativeTarget;
			buildConfigurationList = 112CB0232BB4A56C0073F53D /* Build configuration list for PBXNativeTarget "PinchBar" */;
			buildPhases = (
				112CB00C2BB4A56B0073F53D /* Sources */,
				112CB00D2BB4A56B0073F53D /* Frameworks */,
				112CB00E2BB4A56B0073F53D /* Resources */,
			);
			buildRules = (
			);
			dependencies = (
			);
			name = PinchBar;
			packageProductDependencies = (
				112CB0152BB4A56B0073F53D /* RealityKitContent */,
			);
			productName = PinchBar;
			productReference = 112CB0102BB4A56B0073F53D /* PinchBar.app */;
			productType = "com.apple.product-type.application";
		};
		112CB0292BB4A5DD0073F53D /* PinchBar Mac */ = {
			isa = PBXNativeTarget;
			buildConfigurationList = 112CB0362BB4A5DF0073F53D /* Build configuration list for PBXNativeTarget "PinchBar Mac" */;
			buildPhases = (
				112CB0262BB4A5DD0073F53D /* Sources */,
				112CB0272BB4A5DD0073F53D /* Frameworks */,
				112CB0282BB4A5DD0073F53D /* Resources */,
			);
			buildRules = (
			);
			dependencies = (
			);
			name = "PinchBar Mac";
			packageProductDependencies = (
				112CB03E2BB4B99A0073F53D /* SwiftIP */,
			);
			productName = "PinchBar Mac";
			productReference = 112CB02A2BB4A5DD0073F53D /* PinchBar Mac.app */;
			productType = "com.apple.product-type.application";
		};
/* End PBXNativeTarget section */

/* Begin PBXProject section */
		112CB0082BB4A56B0073F53D /* Project object */ = {
			isa = PBXProject;
			attributes = {
				BuildIndependentTargetsInParallel = 1;
				LastSwiftUpdateCheck = 1520;
				LastUpgradeCheck = 1520;
				TargetAttributes = {
					112CB00F2BB4A56B0073F53D = {
						CreatedOnToolsVersion = 15.2;
					};
					112CB0292BB4A5DD0073F53D = {
						CreatedOnToolsVersion = 15.2;
					};
				};
			};
			buildConfigurationList = 112CB00B2BB4A56B0073F53D /* Build configuration list for PBXProject "PinchBar" */;
			compatibilityVersion = "Xcode 14.0";
			developmentRegion = en;
			hasScannedForEncodings = 0;
			knownRegions = (
				en,
				Base,
			);
			mainGroup = 112CB0072BB4A56B0073F53D;
			packageReferences = (
				112CB03D2BB4B99A0073F53D /* XCRemoteSwiftPackageReference "SwiftIP" */,
			);
			productRefGroup = 112CB0112BB4A56B0073F53D /* Products */;
			projectDirPath = "";
			projectRoot = "";
			targets = (
				112CB00F2BB4A56B0073F53D /* PinchBar */,
				112CB0292BB4A5DD0073F53D /* PinchBar Mac */,
			);
		};
/* End PBXProject section */

/* Begin PBXResourcesBuildPhase section */
		112CB00E2BB4A56B0073F53D /* Resources */ = {
			isa = PBXResourcesBuildPhase;
			buildActionMask = 2147483647;
			files = (
				112CB01F2BB4A56C0073F53D /* Preview Assets.xcassets in Resources */,
				112CB01C2BB4A56C0073F53D /* Assets.xcassets in Resources */,
			);
			runOnlyForDeploymentPostprocessing = 0;
		};
		112CB0282BB4A5DD0073F53D /* Resources */ = {
			isa = PBXResourcesBuildPhase;
			buildActionMask = 2147483647;
			files = (
				112CB0342BB4A5DF0073F53D /* Preview Assets.xcassets in Resources */,
				112CB0312BB4A5DF0073F53D /* Assets.xcassets in Resources */,
			);
			runOnlyForDeploymentPostprocessing = 0;
		};
/* End PBXResourcesBuildPhase section */

/* Begin PBXSourcesBuildPhase section */
		112CB00C2BB4A56B0073F53D /* Sources */ = {
			isa = PBXSourcesBuildPhase;
			buildActionMask = 2147483647;
			files = (
				112CB01A2BB4A56B0073F53D /* ContentView.swift in Sources */,
				112CB0182BB4A56B0073F53D /* PinchBarApp.swift in Sources */,
			);
			runOnlyForDeploymentPostprocessing = 0;
		};
		112CB0262BB4A5DD0073F53D /* Sources */ = {
			isa = PBXSourcesBuildPhase;
			buildActionMask = 2147483647;
			files = (
				112CB02D2BB4A5DD0073F53D /* PinchBar_MacApp.swift in Sources */,
				112CB03C2BB4A80F0073F53D /* Server.swift in Sources */,
				112CB0432BB530820073F53D /* AnnexBProtocol.swift in Sources */,
				112CB0412BB5305E0073F53D /* NWParameters+Init.swift in Sources */,
				112CB03A2BB4A6250073F53D /* MenuBar.swift in Sources */,
			);
			runOnlyForDeploymentPostprocessing = 0;
		};
/* End PBXSourcesBuildPhase section */

/* Begin XCBuildConfiguration section */
		112CB0212BB4A56C0073F53D /* Debug */ = {
			isa = XCBuildConfiguration;
			buildSettings = {
				ALWAYS_SEARCH_USER_PATHS = NO;
				ASSETCATALOG_COMPILER_GENERATE_SWIFT_ASSET_SYMBOL_EXTENSIONS = YES;
				CLANG_ANALYZER_NONNULL = YES;
				CLANG_ANALYZER_NUMBER_OBJECT_CONVERSION = YES_AGGRESSIVE;
				CLANG_CXX_LANGUAGE_STANDARD = "gnu++20";
				CLANG_ENABLE_MODULES = YES;
				CLANG_ENABLE_OBJC_ARC = YES;
				CLANG_ENABLE_OBJC_WEAK = YES;
				CLANG_WARN_BLOCK_CAPTURE_AUTORELEASING = YES;
				CLANG_WARN_BOOL_CONVERSION = YES;
				CLANG_WARN_COMMA = YES;
				CLANG_WARN_CONSTANT_CONVERSION = YES;
				CLANG_WARN_DEPRECATED_OBJC_IMPLEMENTATIONS = YES;
				CLANG_WARN_DIRECT_OBJC_ISA_USAGE = YES_ERROR;
				CLANG_WARN_DOCUMENTATION_COMMENTS = YES;
				CLANG_WARN_EMPTY_BODY = YES;
				CLANG_WARN_ENUM_CONVERSION = YES;
				CLANG_WARN_INFINITE_RECURSION = YES;
				CLANG_WARN_INT_CONVERSION = YES;
				CLANG_WARN_NON_LITERAL_NULL_CONVERSION = YES;
				CLANG_WARN_OBJC_IMPLICIT_RETAIN_SELF = YES;
				CLANG_WARN_OBJC_LITERAL_CONVERSION = YES;
				CLANG_WARN_OBJC_ROOT_CLASS = YES_ERROR;
				CLANG_WARN_QUOTED_INCLUDE_IN_FRAMEWORK_HEADER = YES;
				CLANG_WARN_RANGE_LOOP_ANALYSIS = YES;
				CLANG_WARN_STRICT_PROTOTYPES = YES;
				CLANG_WARN_SUSPICIOUS_MOVE = YES;
				CLANG_WARN_UNGUARDED_AVAILABILITY = YES_AGGRESSIVE;
				CLANG_WARN_UNREACHABLE_CODE = YES;
				CLANG_WARN__DUPLICATE_METHOD_MATCH = YES;
				COPY_PHASE_STRIP = NO;
				DEBUG_INFORMATION_FORMAT = dwarf;
				ENABLE_STRICT_OBJC_MSGSEND = YES;
				ENABLE_TESTABILITY = YES;
				ENABLE_USER_SCRIPT_SANDBOXING = YES;
				GCC_C_LANGUAGE_STANDARD = gnu17;
				GCC_DYNAMIC_NO_PIC = NO;
				GCC_NO_COMMON_BLOCKS = YES;
				GCC_OPTIMIZATION_LEVEL = 0;
				GCC_PREPROCESSOR_DEFINITIONS = (
					"DEBUG=1",
					"$(inherited)",
				);
				GCC_WARN_64_TO_32_BIT_CONVERSION = YES;
				GCC_WARN_ABOUT_RETURN_TYPE = YES_ERROR;
				GCC_WARN_UNDECLARED_SELECTOR = YES;
				GCC_WARN_UNINITIALIZED_AUTOS = YES_AGGRESSIVE;
				GCC_WARN_UNUSED_FUNCTION = YES;
				GCC_WARN_UNUSED_VARIABLE = YES;
				LOCALIZATION_PREFERS_STRING_CATALOGS = YES;
				MTL_ENABLE_DEBUG_INFO = INCLUDE_SOURCE;
				MTL_FAST_MATH = YES;
				ONLY_ACTIVE_ARCH = YES;
				SDKROOT = xros;
				SWIFT_ACTIVE_COMPILATION_CONDITIONS = "DEBUG $(inherited)";
				SWIFT_OPTIMIZATION_LEVEL = "-Onone";
				XROS_DEPLOYMENT_TARGET = 1.0;
			};
			name = Debug;
		};
		112CB0222BB4A56C0073F53D /* Release */ = {
			isa = XCBuildConfiguration;
			buildSettings = {
				ALWAYS_SEARCH_USER_PATHS = NO;
				ASSETCATALOG_COMPILER_GENERATE_SWIFT_ASSET_SYMBOL_EXTENSIONS = YES;
				CLANG_ANALYZER_NONNULL = YES;
				CLANG_ANALYZER_NUMBER_OBJECT_CONVERSION = YES_AGGRESSIVE;
				CLANG_CXX_LANGUAGE_STANDARD = "gnu++20";
				CLANG_ENABLE_MODULES = YES;
				CLANG_ENABLE_OBJC_ARC = YES;
				CLANG_ENABLE_OBJC_WEAK = YES;
				CLANG_WARN_BLOCK_CAPTURE_AUTORELEASING = YES;
				CLANG_WARN_BOOL_CONVERSION = YES;
				CLANG_WARN_COMMA = YES;
				CLANG_WARN_CONSTANT_CONVERSION = YES;
				CLANG_WARN_DEPRECATED_OBJC_IMPLEMENTATIONS = YES;
				CLANG_WARN_DIRECT_OBJC_ISA_USAGE = YES_ERROR;
				CLANG_WARN_DOCUMENTATION_COMMENTS = YES;
				CLANG_WARN_EMPTY_BODY = YES;
				CLANG_WARN_ENUM_CONVERSION = YES;
				CLANG_WARN_INFINITE_RECURSION = YES;
				CLANG_WARN_INT_CONVERSION = YES;
				CLANG_WARN_NON_LITERAL_NULL_CONVERSION = YES;
				CLANG_WARN_OBJC_IMPLICIT_RETAIN_SELF = YES;
				CLANG_WARN_OBJC_LITERAL_CONVERSION = YES;
				CLANG_WARN_OBJC_ROOT_CLASS = YES_ERROR;
				CLANG_WARN_QUOTED_INCLUDE_IN_FRAMEWORK_HEADER = YES;
				CLANG_WARN_RANGE_LOOP_ANALYSIS = YES;
				CLANG_WARN_STRICT_PROTOTYPES = YES;
				CLANG_WARN_SUSPICIOUS_MOVE = YES;
				CLANG_WARN_UNGUARDED_AVAILABILITY = YES_AGGRESSIVE;
				CLANG_WARN_UNREACHABLE_CODE = YES;
				CLANG_WARN__DUPLICATE_METHOD_MATCH = YES;
				COPY_PHASE_STRIP = NO;
				DEBUG_INFORMATION_FORMAT = "dwarf-with-dsym";
				ENABLE_NS_ASSERTIONS = NO;
				ENABLE_STRICT_OBJC_MSGSEND = YES;
				ENABLE_USER_SCRIPT_SANDBOXING = YES;
				GCC_C_LANGUAGE_STANDARD = gnu17;
				GCC_NO_COMMON_BLOCKS = YES;
				GCC_WARN_64_TO_32_BIT_CONVERSION = YES;
				GCC_WARN_ABOUT_RETURN_TYPE = YES_ERROR;
				GCC_WARN_UNDECLARED_SELECTOR = YES;
				GCC_WARN_UNINITIALIZED_AUTOS = YES_AGGRESSIVE;
				GCC_WARN_UNUSED_FUNCTION = YES;
				GCC_WARN_UNUSED_VARIABLE = YES;
				LOCALIZATION_PREFERS_STRING_CATALOGS = YES;
				MTL_ENABLE_DEBUG_INFO = NO;
				MTL_FAST_MATH = YES;
				SDKROOT = xros;
				SWIFT_COMPILATION_MODE = wholemodule;
				VALIDATE_PRODUCT = YES;
				XROS_DEPLOYMENT_TARGET = 1.0;
			};
			name = Release;
		};
		112CB0242BB4A56C0073F53D /* Debug */ = {
			isa = XCBuildConfiguration;
			buildSettings = {
				ASSETCATALOG_COMPILER_APPICON_NAME = AppIcon;
				ASSETCATALOG_COMPILER_GLOBAL_ACCENT_COLOR_NAME = AccentColor;
				CODE_SIGN_STYLE = Automatic;
				CURRENT_PROJECT_VERSION = 1;
				DEVELOPMENT_ASSET_PATHS = "\"PinchBar/Preview Content\"";
				DEVELOPMENT_TEAM = 32R66SNDGS;
				ENABLE_PREVIEWS = YES;
				GENERATE_INFOPLIST_FILE = YES;
				INFOPLIST_FILE = "$(TARGET_NAME)/Info.plist";
				LD_RUNPATH_SEARCH_PATHS = (
					"$(inherited)",
					"@executable_path/Frameworks",
				);
				MARKETING_VERSION = 1.0;
				PRODUCT_BUNDLE_IDENTIFIER = io.positron.PinchBar;
				PRODUCT_NAME = "$(TARGET_NAME)";
				SUPPORTED_PLATFORMS = "xros xrsimulator";
				SWIFT_EMIT_LOC_STRINGS = YES;
				SWIFT_VERSION = 5.0;
				TARGETED_DEVICE_FAMILY = "1,2,7";
			};
			name = Debug;
		};
		112CB0252BB4A56C0073F53D /* Release */ = {
			isa = XCBuildConfiguration;
			buildSettings = {
				ASSETCATALOG_COMPILER_APPICON_NAME = AppIcon;
				ASSETCATALOG_COMPILER_GLOBAL_ACCENT_COLOR_NAME = AccentColor;
				CODE_SIGN_STYLE = Automatic;
				CURRENT_PROJECT_VERSION = 1;
				DEVELOPMENT_ASSET_PATHS = "\"PinchBar/Preview Content\"";
				DEVELOPMENT_TEAM = 32R66SNDGS;
				ENABLE_PREVIEWS = YES;
				GENERATE_INFOPLIST_FILE = YES;
				INFOPLIST_FILE = "$(TARGET_NAME)/Info.plist";
				LD_RUNPATH_SEARCH_PATHS = (
					"$(inherited)",
					"@executable_path/Frameworks",
				);
				MARKETING_VERSION = 1.0;
				PRODUCT_BUNDLE_IDENTIFIER = io.positron.PinchBar;
				PRODUCT_NAME = "$(TARGET_NAME)";
				SUPPORTED_PLATFORMS = "xros xrsimulator";
				SWIFT_EMIT_LOC_STRINGS = YES;
				SWIFT_VERSION = 5.0;
				TARGETED_DEVICE_FAMILY = "1,2,7";
			};
			name = Release;
		};
		112CB0372BB4A5DF0073F53D /* Debug */ = {
			isa = XCBuildConfiguration;
			buildSettings = {
				ASSETCATALOG_COMPILER_APPICON_NAME = AppIcon;
				ASSETCATALOG_COMPILER_GLOBAL_ACCENT_COLOR_NAME = AccentColor;
				CODE_SIGN_ENTITLEMENTS = "PinchBar Mac/PinchBar_Mac.entitlements";
				CODE_SIGN_STYLE = Automatic;
				COMBINE_HIDPI_IMAGES = YES;
				CURRENT_PROJECT_VERSION = 1;
				DEVELOPMENT_ASSET_PATHS = "\"PinchBar Mac/Preview Content\"";
				DEVELOPMENT_TEAM = 32R66SNDGS;
				ENABLE_HARDENED_RUNTIME = YES;
				ENABLE_PREVIEWS = YES;
				GENERATE_INFOPLIST_FILE = YES;
				INFOPLIST_KEY_LSUIElement = YES;
				INFOPLIST_KEY_NSHumanReadableCopyright = "";
				INFOPLIST_KEY_NSLocalNetworkUsageDescription = "PinchBar uses access to your local network to find and discover Vision Pros";
				LD_RUNPATH_SEARCH_PATHS = (
					"$(inherited)",
					"@executable_path/../Frameworks",
				);
				MACOSX_DEPLOYMENT_TARGET = 14.2;
				MARKETING_VERSION = 1.0;
				PRODUCT_BUNDLE_IDENTIFIER = "io.positron.PinchBar-Mac";
				PRODUCT_NAME = "$(TARGET_NAME)";
				SDKROOT = macosx;
				SWIFT_EMIT_LOC_STRINGS = YES;
				SWIFT_VERSION = 5.0;
			};
			name = Debug;
		};
		112CB0382BB4A5DF0073F53D /* Release */ = {
			isa = XCBuildConfiguration;
			buildSettings = {
				ASSETCATALOG_COMPILER_APPICON_NAME = AppIcon;
				ASSETCATALOG_COMPILER_GLOBAL_ACCENT_COLOR_NAME = AccentColor;
				CODE_SIGN_ENTITLEMENTS = "PinchBar Mac/PinchBar_Mac.entitlements";
				CODE_SIGN_STYLE = Automatic;
				COMBINE_HIDPI_IMAGES = YES;
				CURRENT_PROJECT_VERSION = 1;
				DEVELOPMENT_ASSET_PATHS = "\"PinchBar Mac/Preview Content\"";
				DEVELOPMENT_TEAM = 32R66SNDGS;
				ENABLE_HARDENED_RUNTIME = YES;
				ENABLE_PREVIEWS = YES;
				GENERATE_INFOPLIST_FILE = YES;
				INFOPLIST_KEY_LSUIElement = YES;
				INFOPLIST_KEY_NSHumanReadableCopyright = "";
				INFOPLIST_KEY_NSLocalNetworkUsageDescription = "PinchBar uses access to your local network to find and discover Vision Pros";
				LD_RUNPATH_SEARCH_PATHS = (
					"$(inherited)",
					"@executable_path/../Frameworks",
				);
				MACOSX_DEPLOYMENT_TARGET = 14.2;
				MARKETING_VERSION = 1.0;
				PRODUCT_BUNDLE_IDENTIFIER = "io.positron.PinchBar-Mac";
				PRODUCT_NAME = "$(TARGET_NAME)";
				SDKROOT = macosx;
				SWIFT_EMIT_LOC_STRINGS = YES;
				SWIFT_VERSION = 5.0;
			};
			name = Release;
		};
/* End XCBuildConfiguration section */

/* Begin XCConfigurationList section */
		112CB00B2BB4A56B0073F53D /* Build configuration list for PBXProject "PinchBar" */ = {
			isa = XCConfigurationList;
			buildConfigurations = (
				112CB0212BB4A56C0073F53D /* Debug */,
				112CB0222BB4A56C0073F53D /* Release */,
			);
			defaultConfigurationIsVisible = 0;
			defaultConfigurationName = Release;
		};
		112CB0232BB4A56C0073F53D /* Build configuration list for PBXNativeTarget "PinchBar" */ = {
			isa = XCConfigurationList;
			buildConfigurations = (
				112CB0242BB4A56C0073F53D /* Debug */,
				112CB0252BB4A56C0073F53D /* Release */,
			);
			defaultConfigurationIsVisible = 0;
			defaultConfigurationName = Release;
		};
		112CB0362BB4A5DF0073F53D /* Build configuration list for PBXNativeTarget "PinchBar Mac" */ = {
			isa = XCConfigurationList;
			buildConfigurations = (
				112CB0372BB4A5DF0073F53D /* Debug */,
				112CB0382BB4A5DF0073F53D /* Release */,
			);
			defaultConfigurationIsVisible = 0;
			defaultConfigurationName = Release;
		};
/* End XCConfigurationList section */

/* Begin XCRemoteSwiftPackageReference section */
		112CB03D2BB4B99A0073F53D /* XCRemoteSwiftPackageReference "SwiftIP" */ = {
			isa = XCRemoteSwiftPackageReference;
			repositoryURL = "https://github.com/Samasaur1/SwiftIP.git";
			requirement = {
				kind = upToNextMajorVersion;
				minimumVersion = 2.0.0;
			};
		};
/* End XCRemoteSwiftPackageReference section */

/* Begin XCSwiftPackageProductDependency section */
		112CB0152BB4A56B0073F53D /* RealityKitContent */ = {
			isa = XCSwiftPackageProductDependency;
			productName = RealityKitContent;
		};
		112CB03E2BB4B99A0073F53D /* SwiftIP */ = {
			isa = XCSwiftPackageProductDependency;
			package = 112CB03D2BB4B99A0073F53D /* XCRemoteSwiftPackageReference "SwiftIP" */;
			productName = SwiftIP;
		};
/* End XCSwiftPackageProductDependency section */
	};
	rootObject = 112CB0082BB4A56B0073F53D /* Project object */;
}
